
Microsoft Visual Studio Solution File, Format Version 12.00
# Visual Studio Version 17
VisualStudioVersion = 17.4.33103.184
MinimumVisualStudioVersion = 10.0.40219.1
Project("{FAE04EC0-301F-11D3-BF4B-00C04F79EFBC}") = "capitulo 3 ejercicio 7", "capitulo 3 ejercicio 7\capitulo 3 ejercicio 7.csproj", "{00BC5E43-8DD0-44AA-B65F-8F6A73619A21}"
EndProject
Global
	GlobalSection(SolutionConfigurationPlatforms) = preSolution
		Debug|Any CPU = Debug|Any CPU
		Release|Any CPU = Release|Any CPU
	EndGlobalSection
	GlobalSection(ProjectConfigurationPlatforms) = postSolution
		{00BC5E43-8DD0-44AA-B65F-8F6A73619A21}.Debug|Any CPU.ActiveCfg = Debug|Any CPU
		{00BC5E43-8DD0-44AA-B65F-8F6A73619A21}.Debug|Any CPU.Build.0 = Debug|Any CPU
		{00BC5E43-8DD0-44AA-B65F-8F6A73619A21}.Release|Any CPU.ActiveCfg = Release|Any CPU
		{00BC5E43-8DD0-44AA-B65F-8F6A73619A21}.Release|Any CPU.Build.0 = Release|Any CPU
	EndGlobalSection
	GlobalSection(SolutionProperties) = preSolution
		HideSolutionNode = FALSE
	EndGlobalSection
	GlobalSection(ExtensibilityGlobals) = postSolution
		SolutionGuid = {512B9B32-3363-4BED-A962-157B45610513}
	EndGlobalSection
EndGlobal
